{
  "version": 4,
  "terraform_version": "1.3.7",
  "serial": 9,
  "lineage": "286ea0ff-cecb-0e27-0f24-aaad21b29d98",
  "outputs": {
    "resource_group_name": {
      "value": "rg-gentle-coyote",
      "type": "string"
    }
  },
  "resources": [
    {
      "mode": "managed",
      "type": "azurerm_log_analytics_solution",
      "name": "test",
      "provider": "provider[\"registry.terraform.io/hashicorp/azurerm\"]",
      "instances": [
        {
          "schema_version": 1,
          "attributes": {
            "id": "/subscriptions/1902f957-8964-4ef7-93b8-506b0d69d3f8/resourceGroups/rg-gentle-coyote/providers/Microsoft.OperationsManagement/solutions/ContainerInsights(logAnalyticsBT-13242886351545498138)",
            "location": "westeurope",
            "plan": [
              {
                "name": "ContainerInsights(loganalyticsbt-13242886351545498138)",
                "product": "OMSGallery/ContainerInsights",
                "promotion_code": "",
                "publisher": "Microsoft"
              }
            ],
            "resource_group_name": "rg-gentle-coyote",
            "solution_name": "ContainerInsights",
            "tags": {},
            "timeouts": null,
            "workspace_name": "logAnalyticsBT-13242886351545498138",
            "workspace_resource_id": "/subscriptions/1902f957-8964-4ef7-93b8-506b0d69d3f8/resourceGroups/rg-gentle-coyote/providers/Microsoft.OperationalInsights/workspaces/logAnalyticsBT-13242886351545498138"
          },
          "sensitive_attributes": [],
          "private": "eyJlMmJmYjczMC1lY2FhLTExZTYtOGY4OC0zNDM2M2JjN2M0YzAiOnsiY3JlYXRlIjoxODAwMDAwMDAwMDAwLCJkZWxldGUiOjE4MDAwMDAwMDAwMDAsInJlYWQiOjMwMDAwMDAwMDAwMCwidXBkYXRlIjoxODAwMDAwMDAwMDAwfSwic2NoZW1hX3ZlcnNpb24iOiIxIn0=",
          "dependencies": [
            "azurerm_log_analytics_workspace.test",
            "azurerm_resource_group.rg",
            "random_id.log_analytics_workspace_name_suffix",
            "random_pet.rg_name"
          ]
        }
      ]
    },
    {
      "mode": "managed",
      "type": "azurerm_log_analytics_workspace",
      "name": "test",
      "provider": "provider[\"registry.terraform.io/hashicorp/azurerm\"]",
      "instances": [
        {
          "schema_version": 3,
          "attributes": {
            "allow_resource_only_permissions": true,
            "cmk_for_query_forced": false,
            "daily_quota_gb": -1,
            "id": "/subscriptions/1902f957-8964-4ef7-93b8-506b0d69d3f8/resourceGroups/rg-gentle-coyote/providers/Microsoft.OperationalInsights/workspaces/logAnalyticsBT-13242886351545498138",
            "internet_ingestion_enabled": true,
            "internet_query_enabled": true,
            "local_authentication_disabled": false,
            "location": "westeurope",
            "name": "logAnalyticsBT-13242886351545498138",
            "primary_shared_key": "r6lFLnyWVii8qrV2s/7UnQ4M8IKgYcltxliUNPtfRnNNLAeMwMtpOM7xN1aIi3+leatYipmYyl22CBAE08txQQ==",
            "reservation_capacity_in_gb_per_day": null,
            "resource_group_name": "rg-gentle-coyote",
            "retention_in_days": 30,
            "secondary_shared_key": "Qe5Lal7OZ98BvEiAIZgRj4nHzxI7PinWZuunLja7sqolmpLX3WaRiCa4cypO4xAHCyCsMLvD4HffiZQTKtib/g==",
            "sku": "PerGB2018",
            "tags": {},
            "timeouts": null,
            "workspace_id": "cf49101c-8dc1-4f2e-9e12-2a31e6b97e72"
          },
          "sensitive_attributes": [],
          "private": "eyJlMmJmYjczMC1lY2FhLTExZTYtOGY4OC0zNDM2M2JjN2M0YzAiOnsiY3JlYXRlIjoxODAwMDAwMDAwMDAwLCJkZWxldGUiOjE4MDAwMDAwMDAwMDAsInJlYWQiOjMwMDAwMDAwMDAwMCwidXBkYXRlIjoxODAwMDAwMDAwMDAwfSwic2NoZW1hX3ZlcnNpb24iOiIzIn0=",
          "dependencies": [
            "azurerm_resource_group.rg",
            "random_id.log_analytics_workspace_name_suffix",
            "random_pet.rg_name"
          ]
        }
      ]
    },
    {
      "mode": "managed",
      "type": "azurerm_resource_group",
      "name": "rg",
      "provider": "provider[\"registry.terraform.io/hashicorp/azurerm\"]",
      "instances": [
        {
          "schema_version": 0,
          "attributes": {
            "id": "/subscriptions/1902f957-8964-4ef7-93b8-506b0d69d3f8/resourceGroups/rg-gentle-coyote",
            "location": "westeurope",
            "name": "rg-gentle-coyote",
            "tags": {},
            "timeouts": null
          },
          "sensitive_attributes": [],
          "private": "eyJlMmJmYjczMC1lY2FhLTExZTYtOGY4OC0zNDM2M2JjN2M0YzAiOnsiY3JlYXRlIjo1NDAwMDAwMDAwMDAwLCJkZWxldGUiOjU0MDAwMDAwMDAwMDAsInJlYWQiOjMwMDAwMDAwMDAwMCwidXBkYXRlIjo1NDAwMDAwMDAwMDAwfX0=",
          "dependencies": [
            "random_pet.rg_name"
          ]
        }
      ]
    },
    {
      "mode": "managed",
      "type": "random_id",
      "name": "log_analytics_workspace_name_suffix",
      "provider": "provider[\"registry.terraform.io/hashicorp/random\"]",
      "instances": [
        {
          "schema_version": 0,
          "attributes": {
            "b64_std": "t8gu+RC8+ho=",
            "b64_url": "t8gu-RC8-ho",
            "byte_length": 8,
            "dec": "13242886351545498138",
            "hex": "b7c82ef910bcfa1a",
            "id": "t8gu-RC8-ho",
            "keepers": null,
            "prefix": null
          },
          "sensitive_attributes": []
        }
      ]
    },
    {
      "mode": "managed",
      "type": "random_pet",
      "name": "rg_name",
      "provider": "provider[\"registry.terraform.io/hashicorp/random\"]",
      "instances": [
        {
          "schema_version": 0,
          "attributes": {
            "id": "rg-gentle-coyote",
            "keepers": null,
            "length": 2,
            "prefix": "rg",
            "separator": "-"
          },
          "sensitive_attributes": []
        }
      ]
    }
  ],
  "check_results": null
}
